
Microsoft Visual Studio Solution File, Format Version 12.00
# Visual Studio 15
VisualStudioVersion = 15.0.27428.2037
MinimumVisualStudioVersion = 10.0.40219.1
Project("{FAE04EC0-301F-11D3-BF4B-00C04F79EFBC}") = "download_cleaner", "download_cleaner\download_cleaner.csproj", "{5B8BBDBF-18B1-43C7-8073-97ABE5CECEB3}"
EndProject
Global
	GlobalSection(SolutionConfigurationPlatforms) = preSolution
		Debug|Any CPU = Debug|Any CPU
		Release|Any CPU = Release|Any CPU
	EndGlobalSection
	GlobalSection(ProjectConfigurationPlatforms) = postSolution
		{5B8BBDBF-18B1-43C7-8073-97ABE5CECEB3}.Debug|Any CPU.ActiveCfg = Debug|Any CPU
		{5B8BBDBF-18B1-43C7-8073-97ABE5CECEB3}.Debug|Any CPU.Build.0 = Debug|Any CPU
		{5B8BBDBF-18B1-43C7-8073-97ABE5CECEB3}.Release|Any CPU.ActiveCfg = Release|Any CPU
		{5B8BBDBF-18B1-43C7-8073-97ABE5CECEB3}.Release|Any CPU.Build.0 = Release|Any CPU
	EndGlobalSection
	GlobalSection(SolutionProperties) = preSolution
		HideSolutionNode = FALSE
	EndGlobalSection
	GlobalSection(ExtensibilityGlobals) = postSolution
		SolutionGuid = {E5DD34D3-F72A-44B9-A396-1B931B77F9E6}
	EndGlobalSection
EndGlobal
